
Microsoft Visual Studio Solution File, Format Version 12.00
# Visual Studio Version 17
VisualStudioVersion = 17.7.34018.315
MinimumVisualStudioVersion = 10.0.40219.1
Project("{FAE04EC0-301F-11D3-BF4B-00C04F79EFBC}") = "LA_319_6904_TrögerRobert", "LA_319_6904_TrögerRobert.csproj", "{F1115E5A-1A15-4A11-9B26-FBB286D7530D}"
EndProject
Global
	GlobalSection(SolutionConfigurationPlatforms) = preSolution
		Debug|Any CPU = Debug|Any CPU
		Release|Any CPU = Release|Any CPU
	EndGlobalSection
	GlobalSection(ProjectConfigurationPlatforms) = postSolution
		{F1115E5A-1A15-4A11-9B26-FBB286D7530D}.Debug|Any CPU.ActiveCfg = Debug|Any CPU
		{F1115E5A-1A15-4A11-9B26-FBB286D7530D}.Debug|Any CPU.Build.0 = Debug|Any CPU
		{F1115E5A-1A15-4A11-9B26-FBB286D7530D}.Release|Any CPU.ActiveCfg = Release|Any CPU
		{F1115E5A-1A15-4A11-9B26-FBB286D7530D}.Release|Any CPU.Build.0 = Release|Any CPU
	EndGlobalSection
	GlobalSection(SolutionProperties) = preSolution
		HideSolutionNode = FALSE
	EndGlobalSection
	GlobalSection(ExtensibilityGlobals) = postSolution
		SolutionGuid = {2E0FE767-E93C-46D4-A982-416618EDBCB8}
	EndGlobalSection
EndGlobal
